// !$*UTF8*$!
{
	archiveVersion = 1;
	classes = {
	};
	objectVersion = 55;
	objects = {

/* Begin PBXBuildFile section */
		451776D927AFF01C005490A1 /* ScoreView.swift in Sources */ = {isa = PBXBuildFile; fileRef = 451776D827AFF01C005490A1 /* ScoreView.swift */; };
		451776DB27AFF468005490A1 /* ProgressHeaderView.swift in Sources */ = {isa = PBXBuildFile; fileRef = 451776DA27AFF468005490A1 /* ProgressHeaderView.swift */; };
		452C54D027DD162F00A7FBEF /* Colors.xcassets in Resources */ = {isa = PBXBuildFile; fileRef = 452C54C227DD162F00A7FBEF /* Colors.xcassets */; };
		452C54D127DD162F00A7FBEF /* Assets.xcassets in Resources */ = {isa = PBXBuildFile; fileRef = 452C54C327DD162F00A7FBEF /* Assets.xcassets */; };
		452C54D227DD162F00A7FBEF /* Localisation.strings in Resources */ = {isa = PBXBuildFile; fileRef = 452C54C427DD162F00A7FBEF /* Localisation.strings */; };
		452C54D327DD162F00A7FBEF /* stephen-king-logo.json in Resources */ = {isa = PBXBuildFile; fileRef = 452C54C727DD162F00A7FBEF /* stephen-king-logo.json */; };
		452C54D427DD162F00A7FBEF /* lotr-logo.json in Resources */ = {isa = PBXBuildFile; fileRef = 452C54C827DD162F00A7FBEF /* lotr-logo.json */; };
		452C54D527DD162F00A7FBEF /* magic-book-harry-potter.json in Resources */ = {isa = PBXBuildFile; fileRef = 452C54C927DD162F00A7FBEF /* magic-book-harry-potter.json */; };
		452C54D627DD162F00A7FBEF /* harry-potter-logo.json in Resources */ = {isa = PBXBuildFile; fileRef = 452C54CA27DD162F00A7FBEF /* harry-potter-logo.json */; };
		452C54D727DD162F00A7FBEF /* star-wars-logo.json in Resources */ = {isa = PBXBuildFile; fileRef = 452C54CB27DD162F00A7FBEF /* star-wars-logo.json */; };
		452C54D827DD162F00A7FBEF /* dashboard-background.json in Resources */ = {isa = PBXBuildFile; fileRef = 452C54CC27DD162F00A7FBEF /* dashboard-background.json */; };
		452C54D927DD162F00A7FBEF /* smile-face.json in Resources */ = {isa = PBXBuildFile; fileRef = 452C54CD27DD162F00A7FBEF /* smile-face.json */; };
		452C54DA27DD162F00A7FBEF /* day-background.json in Resources */ = {isa = PBXBuildFile; fileRef = 452C54CE27DD162F00A7FBEF /* day-background.json */; };
		452C54DB27DD162F00A7FBEF /* sad-face.json in Resources */ = {isa = PBXBuildFile; fileRef = 452C54CF27DD162F00A7FBEF /* sad-face.json */; };
		452C54DF27DD186C00A7FBEF /* Lottie in Frameworks */ = {isa = PBXBuildFile; productRef = 452C54DE27DD186C00A7FBEF /* Lottie */; };
		452C54E227DD18C100A7FBEF /* FirebaseAnalytics in Frameworks */ = {isa = PBXBuildFile; productRef = 452C54E127DD18C100A7FBEF /* FirebaseAnalytics */; };
		452C54E427DD18C100A7FBEF /* FirebaseAnalyticsSwift-Beta in Frameworks */ = {isa = PBXBuildFile; productRef = 452C54E327DD18C100A7FBEF /* FirebaseAnalyticsSwift-Beta */; };
		452C54E627DD18C100A7FBEF /* FirebaseAnalyticsWithoutAdIdSupport in Frameworks */ = {isa = PBXBuildFile; productRef = 452C54E527DD18C100A7FBEF /* FirebaseAnalyticsWithoutAdIdSupport */; };
		452C54E827DD18C100A7FBEF /* FirebaseAppCheck in Frameworks */ = {isa = PBXBuildFile; productRef = 452C54E727DD18C100A7FBEF /* FirebaseAppCheck */; };
		452C54EA27DD18C100A7FBEF /* FirebaseAppDistribution-Beta in Frameworks */ = {isa = PBXBuildFile; productRef = 452C54E927DD18C100A7FBEF /* FirebaseAppDistribution-Beta */; };
		452C54EC27DD18C100A7FBEF /* FirebaseAuth in Frameworks */ = {isa = PBXBuildFile; productRef = 452C54EB27DD18C100A7FBEF /* FirebaseAuth */; };
		452C54EE27DD18C100A7FBEF /* FirebaseAuthCombine-Community in Frameworks */ = {isa = PBXBuildFile; productRef = 452C54ED27DD18C100A7FBEF /* FirebaseAuthCombine-Community */; };
		452C54F027DD18C100A7FBEF /* FirebaseCrashlytics in Frameworks */ = {isa = PBXBuildFile; productRef = 452C54EF27DD18C100A7FBEF /* FirebaseCrashlytics */; };
		452C54F227DD18C100A7FBEF /* FirebaseDatabase in Frameworks */ = {isa = PBXBuildFile; productRef = 452C54F127DD18C100A7FBEF /* FirebaseDatabase */; };
		452C54F427DD18C100A7FBEF /* FirebaseDatabaseSwift-Beta in Frameworks */ = {isa = PBXBuildFile; productRef = 452C54F327DD18C100A7FBEF /* FirebaseDatabaseSwift-Beta */; };
		452C54F627DD18C100A7FBEF /* FirebaseDynamicLinks in Frameworks */ = {isa = PBXBuildFile; productRef = 452C54F527DD18C100A7FBEF /* FirebaseDynamicLinks */; };
		452C54F827DD18C100A7FBEF /* FirebaseFirestore in Frameworks */ = {isa = PBXBuildFile; productRef = 452C54F727DD18C100A7FBEF /* FirebaseFirestore */; };
		452C54FA27DD18C100A7FBEF /* FirebaseFirestoreCombine-Community in Frameworks */ = {isa = PBXBuildFile; productRef = 452C54F927DD18C100A7FBEF /* FirebaseFirestoreCombine-Community */; };
		452C54FC27DD18C100A7FBEF /* FirebaseFirestoreSwift-Beta in Frameworks */ = {isa = PBXBuildFile; productRef = 452C54FB27DD18C100A7FBEF /* FirebaseFirestoreSwift-Beta */; };
		452C54FE27DD18C100A7FBEF /* FirebaseFunctions in Frameworks */ = {isa = PBXBuildFile; productRef = 452C54FD27DD18C100A7FBEF /* FirebaseFunctions */; };
		452C550027DD18C100A7FBEF /* FirebaseFunctionsCombine-Community in Frameworks */ = {isa = PBXBuildFile; productRef = 452C54FF27DD18C100A7FBEF /* FirebaseFunctionsCombine-Community */; };
		452C550227DD18C100A7FBEF /* FirebaseFunctionsSwift-Beta in Frameworks */ = {isa = PBXBuildFile; productRef = 452C550127DD18C100A7FBEF /* FirebaseFunctionsSwift-Beta */; };
		452C550427DD18C100A7FBEF /* FirebaseInAppMessaging-Beta in Frameworks */ = {isa = PBXBuildFile; productRef = 452C550327DD18C100A7FBEF /* FirebaseInAppMessaging-Beta */; };
		452C550627DD18C100A7FBEF /* FirebaseInAppMessagingSwift-Beta in Frameworks */ = {isa = PBXBuildFile; productRef = 452C550527DD18C100A7FBEF /* FirebaseInAppMessagingSwift-Beta */; };
		452C550827DD18C100A7FBEF /* FirebaseInstallations in Frameworks */ = {isa = PBXBuildFile; productRef = 452C550727DD18C100A7FBEF /* FirebaseInstallations */; };
		452C550A27DD18C100A7FBEF /* FirebaseMLModelDownloader in Frameworks */ = {isa = PBXBuildFile; productRef = 452C550927DD18C100A7FBEF /* FirebaseMLModelDownloader */; };
		452C550C27DD18C100A7FBEF /* FirebaseMessaging in Frameworks */ = {isa = PBXBuildFile; productRef = 452C550B27DD18C100A7FBEF /* FirebaseMessaging */; };
		452C550E27DD18C100A7FBEF /* FirebasePerformance in Frameworks */ = {isa = PBXBuildFile; productRef = 452C550D27DD18C100A7FBEF /* FirebasePerformance */; };
		452C551027DD18C100A7FBEF /* FirebaseRemoteConfig in Frameworks */ = {isa = PBXBuildFile; productRef = 452C550F27DD18C100A7FBEF /* FirebaseRemoteConfig */; };
		452C551427DD18C100A7FBEF /* FirebaseStorage in Frameworks */ = {isa = PBXBuildFile; productRef = 452C551327DD18C100A7FBEF /* FirebaseStorage */; };
		452C551627DD18C100A7FBEF /* FirebaseStorageCombine-Community in Frameworks */ = {isa = PBXBuildFile; productRef = 452C551527DD18C100A7FBEF /* FirebaseStorageCombine-Community */; };
		452C551827DD18C100A7FBEF /* FirebaseStorageSwift-Beta in Frameworks */ = {isa = PBXBuildFile; productRef = 452C551727DD18C100A7FBEF /* FirebaseStorageSwift-Beta */; };
		453CAEEC27B32090002649AF /* QuestionSets.swift in Sources */ = {isa = PBXBuildFile; fileRef = 453CAEEB27B32090002649AF /* QuestionSets.swift */; };
		454D26D527BD6D110003D8F8 /* Constants.swift in Sources */ = {isa = PBXBuildFile; fileRef = 454D26D427BD6D110003D8F8 /* Constants.swift */; };
		455A16792818891600543364 /* AppTextFieldStyles.swift in Sources */ = {isa = PBXBuildFile; fileRef = 455A16782818891600543364 /* AppTextFieldStyles.swift */; };
		455A167B281DCC6B00543364 /* AuthenticationValidator.swift in Sources */ = {isa = PBXBuildFile; fileRef = 455A167A281DCC6B00543364 /* AuthenticationValidator.swift */; };
		455A167D2821B5F100543364 /* ManualSignInCredentials.swift in Sources */ = {isa = PBXBuildFile; fileRef = 455A167C2821B5F100543364 /* ManualSignInCredentials.swift */; };
		455A167F283022AE00543364 /* SignUpView.swift in Sources */ = {isa = PBXBuildFile; fileRef = 455A167E283022AE00543364 /* SignUpView.swift */; };
		455A1681283022F500543364 /* SignUpViewModel.swift in Sources */ = {isa = PBXBuildFile; fileRef = 455A1680283022F500543364 /* SignUpViewModel.swift */; };
		455A1683283023D300543364 /* CredentialsInputView.swift in Sources */ = {isa = PBXBuildFile; fileRef = 455A1682283023D300543364 /* CredentialsInputView.swift */; };
		455A168828340D9B00543364 /* FirebaseAuthService.swift in Sources */ = {isa = PBXBuildFile; fileRef = 455A168728340D9B00543364 /* FirebaseAuthService.swift */; };
		4594E9DC276A7D510054E6BE /* FantasyUniverseApp.swift in Sources */ = {isa = PBXBuildFile; fileRef = 4594E9DB276A7D510054E6BE /* FantasyUniverseApp.swift */; };
		4594E9DE276A7D510054E6BE /* ContentView.swift in Sources */ = {isa = PBXBuildFile; fileRef = 4594E9DD276A7D510054E6BE /* ContentView.swift */; };
		4594E9E3276A7D530054E6BE /* Preview Assets.xcassets in Resources */ = {isa = PBXBuildFile; fileRef = 4594E9E2276A7D530054E6BE /* Preview Assets.xcassets */; };
		4594E9E5276A7D530054E6BE /* Persistence.swift in Sources */ = {isa = PBXBuildFile; fileRef = 4594E9E4276A7D530054E6BE /* Persistence.swift */; };
		4594E9E8276A7D530054E6BE /* FantasyUniverse.xcdatamodeld in Sources */ = {isa = PBXBuildFile; fileRef = 4594E9E6276A7D530054E6BE /* FantasyUniverse.xcdatamodeld */; };
		4594E9F2276A7D530054E6BE /* FantasyUniverseTests.swift in Sources */ = {isa = PBXBuildFile; fileRef = 4594E9F1276A7D530054E6BE /* FantasyUniverseTests.swift */; };
		4594E9FC276A7D530054E6BE /* FantasyUniverseUITests.swift in Sources */ = {isa = PBXBuildFile; fileRef = 4594E9FB276A7D530054E6BE /* FantasyUniverseUITests.swift */; };
		4594E9FE276A7D530054E6BE /* FantasyUniverseUITestsLaunchTests.swift in Sources */ = {isa = PBXBuildFile; fileRef = 4594E9FD276A7D530054E6BE /* FantasyUniverseUITestsLaunchTests.swift */; };
		4594EA0C276FCA120054E6BE /* DashboardView.swift in Sources */ = {isa = PBXBuildFile; fileRef = 4594EA0B276FCA120054E6BE /* DashboardView.swift */; };
		4594EA0F276FCB630054E6BE /* ColorPalette.swift in Sources */ = {isa = PBXBuildFile; fileRef = 4594EA0E276FCB630054E6BE /* ColorPalette.swift */; };
		45A2687327DE964A0082257D /* Assets.swift in Sources */ = {isa = PBXBuildFile; fileRef = 45A2687127DE964A0082257D /* Assets.swift */; };
		45A2687427DE964A0082257D /* Strings.swift in Sources */ = {isa = PBXBuildFile; fileRef = 45A2687227DE964A0082257D /* Strings.swift */; };
		45AD76752818826F00CCBB39 /* ManualSignInView.swift in Sources */ = {isa = PBXBuildFile; fileRef = 45AD76742818826E00CCBB39 /* ManualSignInView.swift */; };
		45AD76772818829900CCBB39 /* ManualSignInViewModel.swift in Sources */ = {isa = PBXBuildFile; fileRef = 45AD76762818829900CCBB39 /* ManualSignInViewModel.swift */; };
		45D2284427EBC9E0008506F8 /* QuestionDataService.swift in Sources */ = {isa = PBXBuildFile; fileRef = 45D2284327EBC9E0008506F8 /* QuestionDataService.swift */; };
		45D2284727EDEB63008506F8 /* QuestionViewData.swift in Sources */ = {isa = PBXBuildFile; fileRef = 45D2284627EDEB63008506F8 /* QuestionViewData.swift */; };
		45D2284927EDEB71008506F8 /* Answer.swift in Sources */ = {isa = PBXBuildFile; fileRef = 45D2284827EDEB71008506F8 /* Answer.swift */; };
		45D2284B27F09330008506F8 /* QuestionDataServiceTests.swift in Sources */ = {isa = PBXBuildFile; fileRef = 45D2284A27F09330008506F8 /* QuestionDataServiceTests.swift */; };
		45D2284D27F4793B008506F8 /* GlobalMethods.swift in Sources */ = {isa = PBXBuildFile; fileRef = 45D2284C27F4793B008506F8 /* GlobalMethods.swift */; };
		45F0880327A4100D00503343 /* Question.swift in Sources */ = {isa = PBXBuildFile; fileRef = 45F0880227A4100D00503343 /* Question.swift */; };
		45F0880827A6F54E00503343 /* QuestionViewModel.swift in Sources */ = {isa = PBXBuildFile; fileRef = 45F0880727A6F54E00503343 /* QuestionViewModel.swift */; };
		45F0880C27A9322100503343 /* GoogleService-Info.plist in Resources */ = {isa = PBXBuildFile; fileRef = 45F0880B27A9322100503343 /* GoogleService-Info.plist */; };
		45F0880E27A9BE8600503343 /* QuestionView.swift in Sources */ = {isa = PBXBuildFile; fileRef = 45F0880D27A9BE8600503343 /* QuestionView.swift */; };
		45F0881027ADB5B200503343 /* OptionButton.swift in Sources */ = {isa = PBXBuildFile; fileRef = 45F0880F27ADB5B200503343 /* OptionButton.swift */; };
		45F0881327ADC05D00503343 /* QuestionLabelView.swift in Sources */ = {isa = PBXBuildFile; fileRef = 45F0881227ADC05D00503343 /* QuestionLabelView.swift */; };
		45F0881527ADC59100503343 /* AppButtonStyles.swift in Sources */ = {isa = PBXBuildFile; fileRef = 45F0881427ADC59100503343 /* AppButtonStyles.swift */; };
		45F9FEB52776661300AFE9F9 /* LottieView.swift in Sources */ = {isa = PBXBuildFile; fileRef = 45F9FEB42776661300AFE9F9 /* LottieView.swift */; };
		45F9FEB727773A5500AFE9F9 /* QuizView.swift in Sources */ = {isa = PBXBuildFile; fileRef = 45F9FEB627773A5500AFE9F9 /* QuizView.swift */; };
/* End PBXBuildFile section */

/* Begin PBXContainerItemProxy section */
		4594E9EE276A7D530054E6BE /* PBXContainerItemProxy */ = {
			isa = PBXContainerItemProxy;
			containerPortal = 4594E9D0276A7D510054E6BE /* Project object */;
			proxyType = 1;
			remoteGlobalIDString = 4594E9D7276A7D510054E6BE;
			remoteInfo = FantasyUniverse;
		};
		4594E9F8276A7D530054E6BE /* PBXContainerItemProxy */ = {
			isa = PBXContainerItemProxy;
			containerPortal = 4594E9D0276A7D510054E6BE /* Project object */;
			proxyType = 1;
			remoteGlobalIDString = 4594E9D7276A7D510054E6BE;
			remoteInfo = FantasyUniverse;
		};
/* End PBXContainerItemProxy section */

/* Begin PBXFileReference section */
		451776D827AFF01C005490A1 /* ScoreView.swift */ = {isa = PBXFileReference; lastKnownFileType = sourcecode.swift; path = ScoreView.swift; sourceTree = "<group>"; };
		451776DA27AFF468005490A1 /* ProgressHeaderView.swift */ = {isa = PBXFileReference; lastKnownFileType = sourcecode.swift; path = ProgressHeaderView.swift; sourceTree = "<group>"; };
		452C54C227DD162F00A7FBEF /* Colors.xcassets */ = {isa = PBXFileReference; lastKnownFileType = folder.assetcatalog; path = Colors.xcassets; sourceTree = "<group>"; };
		452C54C327DD162F00A7FBEF /* Assets.xcassets */ = {isa = PBXFileReference; lastKnownFileType = folder.assetcatalog; path = Assets.xcassets; sourceTree = "<group>"; };
		452C54C527DD162F00A7FBEF /* Base */ = {isa = PBXFileReference; lastKnownFileType = text.plist.strings; name = Base; path = Base.lproj/Localisation.strings; sourceTree = "<group>"; };
		452C54C727DD162F00A7FBEF /* stephen-king-logo.json */ = {isa = PBXFileReference; fileEncoding = 4; lastKnownFileType = text.json; path = "stephen-king-logo.json"; sourceTree = "<group>"; };
		452C54C827DD162F00A7FBEF /* lotr-logo.json */ = {isa = PBXFileReference; fileEncoding = 4; lastKnownFileType = text.json; path = "lotr-logo.json"; sourceTree = "<group>"; };
		452C54C927DD162F00A7FBEF /* magic-book-harry-potter.json */ = {isa = PBXFileReference; fileEncoding = 4; lastKnownFileType = text.json; path = "magic-book-harry-potter.json"; sourceTree = "<group>"; };
		452C54CA27DD162F00A7FBEF /* harry-potter-logo.json */ = {isa = PBXFileReference; fileEncoding = 4; lastKnownFileType = text.json; path = "harry-potter-logo.json"; sourceTree = "<group>"; };
		452C54CB27DD162F00A7FBEF /* star-wars-logo.json */ = {isa = PBXFileReference; fileEncoding = 4; lastKnownFileType = text.json; path = "star-wars-logo.json"; sourceTree = "<group>"; };
		452C54CC27DD162F00A7FBEF /* dashboard-background.json */ = {isa = PBXFileReference; fileEncoding = 4; lastKnownFileType = text.json; path = "dashboard-background.json"; sourceTree = "<group>"; };
		452C54CD27DD162F00A7FBEF /* smile-face.json */ = {isa = PBXFileReference; fileEncoding = 4; lastKnownFileType = text.json; path = "smile-face.json"; sourceTree = "<group>"; };
		452C54CE27DD162F00A7FBEF /* day-background.json */ = {isa = PBXFileReference; fileEncoding = 4; lastKnownFileType = text.json; path = "day-background.json"; sourceTree = "<group>"; };
		452C54CF27DD162F00A7FBEF /* sad-face.json */ = {isa = PBXFileReference; fileEncoding = 4; lastKnownFileType = text.json; path = "sad-face.json"; sourceTree = "<group>"; };
		452C54DC27DD166000A7FBEF /* swiftgen.yml */ = {isa = PBXFileReference; lastKnownFileType = text.yaml; path = swiftgen.yml; sourceTree = "<group>"; };
		453CAEEB27B32090002649AF /* QuestionSets.swift */ = {isa = PBXFileReference; lastKnownFileType = sourcecode.swift; path = QuestionSets.swift; sourceTree = "<group>"; };
		454D26D427BD6D110003D8F8 /* Constants.swift */ = {isa = PBXFileReference; lastKnownFileType = sourcecode.swift; path = Constants.swift; sourceTree = "<group>"; };
		455A16782818891600543364 /* AppTextFieldStyles.swift */ = {isa = PBXFileReference; lastKnownFileType = sourcecode.swift; path = AppTextFieldStyles.swift; sourceTree = "<group>"; };
		455A167A281DCC6B00543364 /* AuthenticationValidator.swift */ = {isa = PBXFileReference; lastKnownFileType = sourcecode.swift; path = AuthenticationValidator.swift; sourceTree = "<group>"; };
		455A167C2821B5F100543364 /* ManualSignInCredentials.swift */ = {isa = PBXFileReference; lastKnownFileType = sourcecode.swift; path = ManualSignInCredentials.swift; sourceTree = "<group>"; };
		455A167E283022AE00543364 /* SignUpView.swift */ = {isa = PBXFileReference; lastKnownFileType = sourcecode.swift; path = SignUpView.swift; sourceTree = "<group>"; };
		455A1680283022F500543364 /* SignUpViewModel.swift */ = {isa = PBXFileReference; lastKnownFileType = sourcecode.swift; path = SignUpViewModel.swift; sourceTree = "<group>"; };
		455A1682283023D300543364 /* CredentialsInputView.swift */ = {isa = PBXFileReference; lastKnownFileType = sourcecode.swift; path = CredentialsInputView.swift; sourceTree = "<group>"; };
		455A168728340D9B00543364 /* FirebaseAuthService.swift */ = {isa = PBXFileReference; lastKnownFileType = sourcecode.swift; path = FirebaseAuthService.swift; sourceTree = "<group>"; };
		4594E9D8276A7D510054E6BE /* FantasyUniverse.app */ = {isa = PBXFileReference; explicitFileType = wrapper.application; includeInIndex = 0; path = FantasyUniverse.app; sourceTree = BUILT_PRODUCTS_DIR; };
		4594E9DB276A7D510054E6BE /* FantasyUniverseApp.swift */ = {isa = PBXFileReference; lastKnownFileType = sourcecode.swift; path = FantasyUniverseApp.swift; sourceTree = "<group>"; };
		4594E9DD276A7D510054E6BE /* ContentView.swift */ = {isa = PBXFileReference; lastKnownFileType = sourcecode.swift; path = ContentView.swift; sourceTree = "<group>"; };
		4594E9E2276A7D530054E6BE /* Preview Assets.xcassets */ = {isa = PBXFileReference; lastKnownFileType = folder.assetcatalog; path = "Preview Assets.xcassets"; sourceTree = "<group>"; };
		4594E9E4276A7D530054E6BE /* Persistence.swift */ = {isa = PBXFileReference; lastKnownFileType = sourcecode.swift; path = Persistence.swift; sourceTree = "<group>"; };
		4594E9E7276A7D530054E6BE /* FantasyUniverse.xcdatamodel */ = {isa = PBXFileReference; lastKnownFileType = wrapper.xcdatamodel; path = FantasyUniverse.xcdatamodel; sourceTree = "<group>"; };
		4594E9ED276A7D530054E6BE /* FantasyUniverseTests.xctest */ = {isa = PBXFileReference; explicitFileType = wrapper.cfbundle; includeInIndex = 0; path = FantasyUniverseTests.xctest; sourceTree = BUILT_PRODUCTS_DIR; };
		4594E9F1276A7D530054E6BE /* FantasyUniverseTests.swift */ = {isa = PBXFileReference; lastKnownFileType = sourcecode.swift; path = FantasyUniverseTests.swift; sourceTree = "<group>"; };
		4594E9F7276A7D530054E6BE /* FantasyUniverseUITests.xctest */ = {isa = PBXFileReference; explicitFileType = wrapper.cfbundle; includeInIndex = 0; path = FantasyUniverseUITests.xctest; sourceTree = BUILT_PRODUCTS_DIR; };
		4594E9FB276A7D530054E6BE /* FantasyUniverseUITests.swift */ = {isa = PBXFileReference; lastKnownFileType = sourcecode.swift; path = FantasyUniverseUITests.swift; sourceTree = "<group>"; };
		4594E9FD276A7D530054E6BE /* FantasyUniverseUITestsLaunchTests.swift */ = {isa = PBXFileReference; lastKnownFileType = sourcecode.swift; path = FantasyUniverseUITestsLaunchTests.swift; sourceTree = "<group>"; };
		4594EA0B276FCA120054E6BE /* DashboardView.swift */ = {isa = PBXFileReference; lastKnownFileType = sourcecode.swift; path = DashboardView.swift; sourceTree = "<group>"; };
		4594EA0E276FCB630054E6BE /* ColorPalette.swift */ = {isa = PBXFileReference; lastKnownFileType = sourcecode.swift; path = ColorPalette.swift; sourceTree = "<group>"; };
		45A2687127DE964A0082257D /* Assets.swift */ = {isa = PBXFileReference; fileEncoding = 4; lastKnownFileType = sourcecode.swift; path = Assets.swift; sourceTree = "<group>"; };
		45A2687227DE964A0082257D /* Strings.swift */ = {isa = PBXFileReference; fileEncoding = 4; lastKnownFileType = sourcecode.swift; path = Strings.swift; sourceTree = "<group>"; };
		45AD76742818826E00CCBB39 /* ManualSignInView.swift */ = {isa = PBXFileReference; lastKnownFileType = sourcecode.swift; path = ManualSignInView.swift; sourceTree = "<group>"; };
		45AD76762818829900CCBB39 /* ManualSignInViewModel.swift */ = {isa = PBXFileReference; lastKnownFileType = sourcecode.swift; path = ManualSignInViewModel.swift; sourceTree = "<group>"; };
		45D2284327EBC9E0008506F8 /* QuestionDataService.swift */ = {isa = PBXFileReference; lastKnownFileType = sourcecode.swift; path = QuestionDataService.swift; sourceTree = "<group>"; };
		45D2284627EDEB63008506F8 /* QuestionViewData.swift */ = {isa = PBXFileReference; lastKnownFileType = sourcecode.swift; path = QuestionViewData.swift; sourceTree = "<group>"; };
		45D2284827EDEB71008506F8 /* Answer.swift */ = {isa = PBXFileReference; lastKnownFileType = sourcecode.swift; path = Answer.swift; sourceTree = "<group>"; };
		45D2284A27F09330008506F8 /* QuestionDataServiceTests.swift */ = {isa = PBXFileReference; lastKnownFileType = sourcecode.swift; path = QuestionDataServiceTests.swift; sourceTree = "<group>"; };
		45D2284C27F4793B008506F8 /* GlobalMethods.swift */ = {isa = PBXFileReference; lastKnownFileType = sourcecode.swift; path = GlobalMethods.swift; sourceTree = "<group>"; };
		45F0880227A4100D00503343 /* Question.swift */ = {isa = PBXFileReference; lastKnownFileType = sourcecode.swift; path = Question.swift; sourceTree = "<group>"; };
		45F0880727A6F54E00503343 /* QuestionViewModel.swift */ = {isa = PBXFileReference; lastKnownFileType = sourcecode.swift; path = QuestionViewModel.swift; sourceTree = "<group>"; };
		45F0880B27A9322100503343 /* GoogleService-Info.plist */ = {isa = PBXFileReference; fileEncoding = 4; lastKnownFileType = text.plist.xml; path = "GoogleService-Info.plist"; sourceTree = "<group>"; };
		45F0880D27A9BE8600503343 /* QuestionView.swift */ = {isa = PBXFileReference; lastKnownFileType = sourcecode.swift; path = QuestionView.swift; sourceTree = "<group>"; };
		45F0880F27ADB5B200503343 /* OptionButton.swift */ = {isa = PBXFileReference; lastKnownFileType = sourcecode.swift; path = OptionButton.swift; sourceTree = "<group>"; };
		45F0881227ADC05D00503343 /* QuestionLabelView.swift */ = {isa = PBXFileReference; lastKnownFileType = sourcecode.swift; path = QuestionLabelView.swift; sourceTree = "<group>"; };
		45F0881427ADC59100503343 /* AppButtonStyles.swift */ = {isa = PBXFileReference; lastKnownFileType = sourcecode.swift; path = AppButtonStyles.swift; sourceTree = "<group>"; };
		45F9FEB42776661300AFE9F9 /* LottieView.swift */ = {isa = PBXFileReference; lastKnownFileType = sourcecode.swift; path = LottieView.swift; sourceTree = "<group>"; };
		45F9FEB627773A5500AFE9F9 /* QuizView.swift */ = {isa = PBXFileReference; lastKnownFileType = sourcecode.swift; path = QuizView.swift; sourceTree = "<group>"; };
/* End PBXFileReference section */

/* Begin PBXFrameworksBuildPhase section */
		4594E9D5276A7D510054E6BE /* Frameworks */ = {
			isa = PBXFrameworksBuildPhase;
			buildActionMask = 2147483647;
			files = (
				452C54F227DD18C100A7FBEF /* FirebaseDatabase in Frameworks */,
				452C550227DD18C100A7FBEF /* FirebaseFunctionsSwift-Beta in Frameworks */,
				452C550627DD18C100A7FBEF /* FirebaseInAppMessagingSwift-Beta in Frameworks */,
				452C550C27DD18C100A7FBEF /* FirebaseMessaging in Frameworks */,
				452C550027DD18C100A7FBEF /* FirebaseFunctionsCombine-Community in Frameworks */,
				452C54F827DD18C100A7FBEF /* FirebaseFirestore in Frameworks */,
				452C54E427DD18C100A7FBEF /* FirebaseAnalyticsSwift-Beta in Frameworks */,
				452C54E227DD18C100A7FBEF /* FirebaseAnalytics in Frameworks */,
				452C550A27DD18C100A7FBEF /* FirebaseMLModelDownloader in Frameworks */,
				452C54DF27DD186C00A7FBEF /* Lottie in Frameworks */,
				452C54E827DD18C100A7FBEF /* FirebaseAppCheck in Frameworks */,
				452C54E627DD18C100A7FBEF /* FirebaseAnalyticsWithoutAdIdSupport in Frameworks */,
				452C54EC27DD18C100A7FBEF /* FirebaseAuth in Frameworks */,
				452C551827DD18C100A7FBEF /* FirebaseStorageSwift-Beta in Frameworks */,
				452C54F027DD18C100A7FBEF /* FirebaseCrashlytics in Frameworks */,
				452C550E27DD18C100A7FBEF /* FirebasePerformance in Frameworks */,
				452C550427DD18C100A7FBEF /* FirebaseInAppMessaging-Beta in Frameworks */,
				452C54F427DD18C100A7FBEF /* FirebaseDatabaseSwift-Beta in Frameworks */,
				452C54EA27DD18C100A7FBEF /* FirebaseAppDistribution-Beta in Frameworks */,
				452C550827DD18C100A7FBEF /* FirebaseInstallations in Frameworks */,
				452C551427DD18C100A7FBEF /* FirebaseStorage in Frameworks */,
				452C551027DD18C100A7FBEF /* FirebaseRemoteConfig in Frameworks */,
				452C551627DD18C100A7FBEF /* FirebaseStorageCombine-Community in Frameworks */,
				452C54FE27DD18C100A7FBEF /* FirebaseFunctions in Frameworks */,
				452C54EE27DD18C100A7FBEF /* FirebaseAuthCombine-Community in Frameworks */,
				452C54FC27DD18C100A7FBEF /* FirebaseFirestoreSwift-Beta in Frameworks */,
				452C54F627DD18C100A7FBEF /* FirebaseDynamicLinks in Frameworks */,
				452C54FA27DD18C100A7FBEF /* FirebaseFirestoreCombine-Community in Frameworks */,
			);
			runOnlyForDeploymentPostprocessing = 0;
		};
		4594E9EA276A7D530054E6BE /* Frameworks */ = {
			isa = PBXFrameworksBuildPhase;
			buildActionMask = 2147483647;
			files = (
			);
			runOnlyForDeploymentPostprocessing = 0;
		};
		4594E9F4276A7D530054E6BE /* Frameworks */ = {
			isa = PBXFrameworksBuildPhase;
			buildActionMask = 2147483647;
			files = (
			);
			runOnlyForDeploymentPostprocessing = 0;
		};
/* End PBXFrameworksBuildPhase section */

/* Begin PBXGroup section */
		452C54B427DCFABA00A7FBEF /* Generated */ = {
			isa = PBXGroup;
			children = (
				45A2687127DE964A0082257D /* Assets.swift */,
				45A2687227DE964A0082257D /* Strings.swift */,
			);
			path = Generated;
			sourceTree = "<group>";
		};
		452C54C127DD162F00A7FBEF /* Resources */ = {
			isa = PBXGroup;
			children = (
				452C54C227DD162F00A7FBEF /* Colors.xcassets */,
				452C54C327DD162F00A7FBEF /* Assets.xcassets */,
				452C54C427DD162F00A7FBEF /* Localisation.strings */,
				452C54C627DD162F00A7FBEF /* Lottie Animations */,
			);
			path = Resources;
			sourceTree = "<group>";
		};
		452C54C627DD162F00A7FBEF /* Lottie Animations */ = {
			isa = PBXGroup;
			children = (
				452C54C727DD162F00A7FBEF /* stephen-king-logo.json */,
				452C54C827DD162F00A7FBEF /* lotr-logo.json */,
				452C54C927DD162F00A7FBEF /* magic-book-harry-potter.json */,
				452C54CA27DD162F00A7FBEF /* harry-potter-logo.json */,
				452C54CB27DD162F00A7FBEF /* star-wars-logo.json */,
				452C54CC27DD162F00A7FBEF /* dashboard-background.json */,
				452C54CD27DD162F00A7FBEF /* smile-face.json */,
				452C54CE27DD162F00A7FBEF /* day-background.json */,
				452C54CF27DD162F00A7FBEF /* sad-face.json */,
			);
			path = "Lottie Animations";
			sourceTree = "<group>";
		};
		455A168628340D6B00543364 /* Authentication */ = {
			isa = PBXGroup;
			children = (
				455A168728340D9B00543364 /* FirebaseAuthService.swift */,
			);
			path = Authentication;
			sourceTree = "<group>";
		};
		4594E9CF276A7D510054E6BE = {
			isa = PBXGroup;
			children = (
				452C54DC27DD166000A7FBEF /* swiftgen.yml */,
				4594E9DA276A7D510054E6BE /* FantasyUniverse */,
				4594E9F0276A7D530054E6BE /* FantasyUniverseTests */,
				4594E9FA276A7D530054E6BE /* FantasyUniverseUITests */,
				4594E9D9276A7D510054E6BE /* Products */,
			);
			sourceTree = "<group>";
		};
		4594E9D9276A7D510054E6BE /* Products */ = {
			isa = PBXGroup;
			children = (
				4594E9D8276A7D510054E6BE /* FantasyUniverse.app */,
				4594E9ED276A7D530054E6BE /* FantasyUniverseTests.xctest */,
				4594E9F7276A7D530054E6BE /* FantasyUniverseUITests.xctest */,
			);
			name = Products;
			sourceTree = "<group>";
		};
		4594E9DA276A7D510054E6BE /* FantasyUniverse */ = {
			isa = PBXGroup;
			children = (
				45D2284527EDEB49008506F8 /* Services */,
				452C54C127DD162F00A7FBEF /* Resources */,
				45F0880B27A9322100503343 /* GoogleService-Info.plist */,
				45F0880927A6F55300503343 /* ViewModels */,
				45F0880427A4101600503343 /* Models */,
				45F9FEB3277665D100AFE9F9 /* Views */,
				4594EA0D276FCB380054E6BE /* Design */,
				4594E9DB276A7D510054E6BE /* FantasyUniverseApp.swift */,
				453CAEEB27B32090002649AF /* QuestionSets.swift */,
				4594E9DD276A7D510054E6BE /* ContentView.swift */,
				4594E9E4276A7D530054E6BE /* Persistence.swift */,
				4594E9E6276A7D530054E6BE /* FantasyUniverse.xcdatamodeld */,
				452C54B427DCFABA00A7FBEF /* Generated */,
				4594E9E1276A7D530054E6BE /* Preview Content */,
				45D2284C27F4793B008506F8 /* GlobalMethods.swift */,
			);
			path = FantasyUniverse;
			sourceTree = "<group>";
		};
		4594E9E1276A7D530054E6BE /* Preview Content */ = {
			isa = PBXGroup;
			children = (
				4594E9E2276A7D530054E6BE /* Preview Assets.xcassets */,
			);
			path = "Preview Content";
			sourceTree = "<group>";
		};
		4594E9F0276A7D530054E6BE /* FantasyUniverseTests */ = {
			isa = PBXGroup;
			children = (
				4594E9F1276A7D530054E6BE /* FantasyUniverseTests.swift */,
				45D2284A27F09330008506F8 /* QuestionDataServiceTests.swift */,
			);
			path = FantasyUniverseTests;
			sourceTree = "<group>";
		};
		4594E9FA276A7D530054E6BE /* FantasyUniverseUITests */ = {
			isa = PBXGroup;
			children = (
				4594E9FB276A7D530054E6BE /* FantasyUniverseUITests.swift */,
				4594E9FD276A7D530054E6BE /* FantasyUniverseUITestsLaunchTests.swift */,
			);
			path = FantasyUniverseUITests;
			sourceTree = "<group>";
		};
		4594EA0D276FCB380054E6BE /* Design */ = {
			isa = PBXGroup;
			children = (
				4594EA0E276FCB630054E6BE /* ColorPalette.swift */,
				454D26D427BD6D110003D8F8 /* Constants.swift */,
			);
			path = Design;
			sourceTree = "<group>";
		};
		45D2284527EDEB49008506F8 /* Services */ = {
			isa = PBXGroup;
			children = (
				455A168628340D6B00543364 /* Authentication */,
				45D2284327EBC9E0008506F8 /* QuestionDataService.swift */,
				455A167A281DCC6B00543364 /* AuthenticationValidator.swift */,
			);
			path = Services;
			sourceTree = "<group>";
		};
		45F0880427A4101600503343 /* Models */ = {
			isa = PBXGroup;
			children = (
				45F0880227A4100D00503343 /* Question.swift */,
				45D2284627EDEB63008506F8 /* QuestionViewData.swift */,
				45D2284827EDEB71008506F8 /* Answer.swift */,
				455A167C2821B5F100543364 /* ManualSignInCredentials.swift */,
			);
			path = Models;
			sourceTree = "<group>";
		};
		45F0880927A6F55300503343 /* ViewModels */ = {
			isa = PBXGroup;
			children = (
				45F0880727A6F54E00503343 /* QuestionViewModel.swift */,
				455A1680283022F500543364 /* SignUpViewModel.swift */,
				45AD76762818829900CCBB39 /* ManualSignInViewModel.swift */,
			);
			path = ViewModels;
			sourceTree = "<group>";
		};
		45F0881127ADC03B00503343 /* App views */ = {
			isa = PBXGroup;
			children = (
				45F9FEB42776661300AFE9F9 /* LottieView.swift */,
				45F0880F27ADB5B200503343 /* OptionButton.swift */,
				45F0881227ADC05D00503343 /* QuestionLabelView.swift */,
				455A1682283023D300543364 /* CredentialsInputView.swift */,
				45F0881427ADC59100503343 /* AppButtonStyles.swift */,
				455A16782818891600543364 /* AppTextFieldStyles.swift */,
				451776DA27AFF468005490A1 /* ProgressHeaderView.swift */,
			);
			path = "App views";
			sourceTree = "<group>";
		};
		45F9FEB3277665D100AFE9F9 /* Views */ = {
			isa = PBXGroup;
			children = (
				4594EA0B276FCA120054E6BE /* DashboardView.swift */,
				45AD76742818826E00CCBB39 /* ManualSignInView.swift */,
				455A167E283022AE00543364 /* SignUpView.swift */,
				45F9FEB627773A5500AFE9F9 /* QuizView.swift */,
				45F0880D27A9BE8600503343 /* QuestionView.swift */,
				451776D827AFF01C005490A1 /* ScoreView.swift */,
				45F0881127ADC03B00503343 /* App views */,
			);
			path = Views;
			sourceTree = "<group>";
		};
/* End PBXGroup section */

/* Begin PBXNativeTarget section */
		4594E9D7276A7D510054E6BE /* FantasyUniverse */ = {
			isa = PBXNativeTarget;
			buildConfigurationList = 4594EA01276A7D530054E6BE /* Build configuration list for PBXNativeTarget "FantasyUniverse" */;
			buildPhases = (
				452C54BC27DCFD3500A7FBEF /* SwiftGen Script */,
				4594EA10276FCDF30054E6BE /* SwiftLint Script */,
				4594E9D4276A7D510054E6BE /* Sources */,
				4594E9D5276A7D510054E6BE /* Frameworks */,
				4594E9D6276A7D510054E6BE /* Resources */,
			);
			buildRules = (
			);
			dependencies = (
			);
			name = FantasyUniverse;
			packageProductDependencies = (
				452C54DE27DD186C00A7FBEF /* Lottie */,
				452C54E127DD18C100A7FBEF /* FirebaseAnalytics */,
				452C54E327DD18C100A7FBEF /* FirebaseAnalyticsSwift-Beta */,
				452C54E527DD18C100A7FBEF /* FirebaseAnalyticsWithoutAdIdSupport */,
				452C54E727DD18C100A7FBEF /* FirebaseAppCheck */,
				452C54E927DD18C100A7FBEF /* FirebaseAppDistribution-Beta */,
				452C54EB27DD18C100A7FBEF /* FirebaseAuth */,
				452C54ED27DD18C100A7FBEF /* FirebaseAuthCombine-Community */,
				452C54EF27DD18C100A7FBEF /* FirebaseCrashlytics */,
				452C54F127DD18C100A7FBEF /* FirebaseDatabase */,
				452C54F327DD18C100A7FBEF /* FirebaseDatabaseSwift-Beta */,
				452C54F527DD18C100A7FBEF /* FirebaseDynamicLinks */,
				452C54F727DD18C100A7FBEF /* FirebaseFirestore */,
				452C54F927DD18C100A7FBEF /* FirebaseFirestoreCombine-Community */,
				452C54FB27DD18C100A7FBEF /* FirebaseFirestoreSwift-Beta */,
				452C54FD27DD18C100A7FBEF /* FirebaseFunctions */,
				452C54FF27DD18C100A7FBEF /* FirebaseFunctionsCombine-Community */,
				452C550127DD18C100A7FBEF /* FirebaseFunctionsSwift-Beta */,
				452C550327DD18C100A7FBEF /* FirebaseInAppMessaging-Beta */,
				452C550527DD18C100A7FBEF /* FirebaseInAppMessagingSwift-Beta */,
				452C550727DD18C100A7FBEF /* FirebaseInstallations */,
				452C550927DD18C100A7FBEF /* FirebaseMLModelDownloader */,
				452C550B27DD18C100A7FBEF /* FirebaseMessaging */,
				452C550D27DD18C100A7FBEF /* FirebasePerformance */,
				452C550F27DD18C100A7FBEF /* FirebaseRemoteConfig */,
				452C551327DD18C100A7FBEF /* FirebaseStorage */,
				452C551527DD18C100A7FBEF /* FirebaseStorageCombine-Community */,
				452C551727DD18C100A7FBEF /* FirebaseStorageSwift-Beta */,
			);
			productName = FantasyUniverse;
			productReference = 4594E9D8276A7D510054E6BE /* FantasyUniverse.app */;
			productType = "com.apple.product-type.application";
		};
		4594E9EC276A7D530054E6BE /* FantasyUniverseTests */ = {
			isa = PBXNativeTarget;
			buildConfigurationList = 4594EA04276A7D530054E6BE /* Build configuration list for PBXNativeTarget "FantasyUniverseTests" */;
			buildPhases = (
				4594E9E9276A7D530054E6BE /* Sources */,
				4594E9EA276A7D530054E6BE /* Frameworks */,
				4594E9EB276A7D530054E6BE /* Resources */,
			);
			buildRules = (
			);
			dependencies = (
				4594E9EF276A7D530054E6BE /* PBXTargetDependency */,
			);
			name = FantasyUniverseTests;
			productName = FantasyUniverseTests;
			productReference = 4594E9ED276A7D530054E6BE /* FantasyUniverseTests.xctest */;
			productType = "com.apple.product-type.bundle.unit-test";
		};
		4594E9F6276A7D530054E6BE /* FantasyUniverseUITests */ = {
			isa = PBXNativeTarget;
			buildConfigurationList = 4594EA07276A7D530054E6BE /* Build configuration list for PBXNativeTarget "FantasyUniverseUITests" */;
			buildPhases = (
				4594E9F3276A7D530054E6BE /* Sources */,
				4594E9F4276A7D530054E6BE /* Frameworks */,
				4594E9F5276A7D530054E6BE /* Resources */,
			);
			buildRules = (
			);
			dependencies = (
				4594E9F9276A7D530054E6BE /* PBXTargetDependency */,
			);
			name = FantasyUniverseUITests;
			productName = FantasyUniverseUITests;
			productReference = 4594E9F7276A7D530054E6BE /* FantasyUniverseUITests.xctest */;
			productType = "com.apple.product-type.bundle.ui-testing";
		};
/* End PBXNativeTarget section */

/* Begin PBXProject section */
		4594E9D0276A7D510054E6BE /* Project object */ = {
			isa = PBXProject;
			attributes = {
				BuildIndependentTargetsInParallel = 1;
				LastSwiftUpdateCheck = 1310;
				LastUpgradeCheck = 1310;
				TargetAttributes = {
					4594E9D7276A7D510054E6BE = {
						CreatedOnToolsVersion = 13.1;
					};
					4594E9EC276A7D530054E6BE = {
						CreatedOnToolsVersion = 13.1;
						TestTargetID = 4594E9D7276A7D510054E6BE;
					};
					4594E9F6276A7D530054E6BE = {
						CreatedOnToolsVersion = 13.1;
						TestTargetID = 4594E9D7276A7D510054E6BE;
					};
				};
			};
			buildConfigurationList = 4594E9D3276A7D510054E6BE /* Build configuration list for PBXProject "FantasyUniverse" */;
			compatibilityVersion = "Xcode 13.0";
			developmentRegion = en;
			hasScannedForEncodings = 0;
			knownRegions = (
				en,
				Base,
			);
			mainGroup = 4594E9CF276A7D510054E6BE;
			packageReferences = (
				452C54DD27DD186C00A7FBEF /* XCRemoteSwiftPackageReference "lottie-ios" */,
				452C54E027DD18C100A7FBEF /* XCRemoteSwiftPackageReference "firebase-ios-sdk" */,
			);
			productRefGroup = 4594E9D9276A7D510054E6BE /* Products */;
			projectDirPath = "";
			projectRoot = "";
			targets = (
				4594E9D7276A7D510054E6BE /* FantasyUniverse */,
				4594E9EC276A7D530054E6BE /* FantasyUniverseTests */,
				4594E9F6276A7D530054E6BE /* FantasyUniverseUITests */,
			);
		};
/* End PBXProject section */

/* Begin PBXResourcesBuildPhase section */
		4594E9D6276A7D510054E6BE /* Resources */ = {
			isa = PBXResourcesBuildPhase;
			buildActionMask = 2147483647;
			files = (
				452C54D827DD162F00A7FBEF /* dashboard-background.json in Resources */,
				452C54DB27DD162F00A7FBEF /* sad-face.json in Resources */,
				452C54D027DD162F00A7FBEF /* Colors.xcassets in Resources */,
				452C54DA27DD162F00A7FBEF /* day-background.json in Resources */,
				452C54D227DD162F00A7FBEF /* Localisation.strings in Resources */,
				45F0880C27A9322100503343 /* GoogleService-Info.plist in Resources */,
				452C54D527DD162F00A7FBEF /* magic-book-harry-potter.json in Resources */,
				452C54D927DD162F00A7FBEF /* smile-face.json in Resources */,
				452C54D427DD162F00A7FBEF /* lotr-logo.json in Resources */,
				452C54D127DD162F00A7FBEF /* Assets.xcassets in Resources */,
				452C54D627DD162F00A7FBEF /* harry-potter-logo.json in Resources */,
				4594E9E3276A7D530054E6BE /* Preview Assets.xcassets in Resources */,
				452C54D327DD162F00A7FBEF /* stephen-king-logo.json in Resources */,
				452C54D727DD162F00A7FBEF /* star-wars-logo.json in Resources */,
			);
			runOnlyForDeploymentPostprocessing = 0;
		};
		4594E9EB276A7D530054E6BE /* Resources */ = {
			isa = PBXResourcesBuildPhase;
			buildActionMask = 2147483647;
			files = (
			);
			runOnlyForDeploymentPostprocessing = 0;
		};
		4594E9F5276A7D530054E6BE /* Resources */ = {
			isa = PBXResourcesBuildPhase;
			buildActionMask = 2147483647;
			files = (
			);
			runOnlyForDeploymentPostprocessing = 0;
		};
/* End PBXResourcesBuildPhase section */

/* Begin PBXShellScriptBuildPhase section */
		452C54BC27DCFD3500A7FBEF /* SwiftGen Script */ = {
			isa = PBXShellScriptBuildPhase;
			alwaysOutOfDate = 1;
			buildActionMask = 2147483647;
			files = (
			);
			inputFileListPaths = (
			);
			inputPaths = (
				"$(SRCROOT)/FantasyUniverse/Resources/Base.lproj/Localisation.strings",
				"$(SRCROOT)/FantasyUniverse/Resources/Base.lproj/Assets.xcassets",
				"$(SRCROOT)/FantasyUniverse/Resources/Base.lproj/Colors.xcassets",
			);
			name = "SwiftGen Script";
			outputFileListPaths = (
			);
			outputPaths = (
				"$(SRCROOT)/FantasyUniverse/Generated/Strings.swift",
				"$(SRCROOT)/FantasyUniverse/Generated/Assets.swift",
			);
			runOnlyForDeploymentPostprocessing = 0;
			shellPath = /bin/sh;
			shellScript = "if [ $ACTION != \"indexbuild\" ]; then\nif [[ -f \"${PROJECT_DIR}/SwiftGen/bin/swiftgen\" ]]; then\n\necho $SRCROOT\n\n  rm \"$SRCROOT/FantasyUniverse/Generated/Strings.swift\"\n\n  rm \"$SRCROOT/FantasyUniverse/Generated/Assets.swift\"\n\n  \"${PROJECT_DIR}/SwiftGen/bin/swiftgen\" config run\n\nelse\n\n  echo \"warning: SwiftGen is not installed. Run 'pod install --repo-update' to install it.\"\n\nfi\nfi\n\n";
		};
		4594EA10276FCDF30054E6BE /* SwiftLint Script */ = {
			isa = PBXShellScriptBuildPhase;
			buildActionMask = 2147483647;
			files = (
			);
			inputFileListPaths = (
			);
			inputPaths = (
			);
			name = "SwiftLint Script";
			outputFileListPaths = (
			);
			outputPaths = (
			);
			runOnlyForDeploymentPostprocessing = 0;
			shellPath = /bin/sh;
			shellScript = "if which swiftlint >/dev/null; then\n  swiftlint\nelse\n  echo \"warning: SwiftLint not installed, download from https://github.com/realm/SwiftLint\"\nfi\n";
		};
/* End PBXShellScriptBuildPhase section */

/* Begin PBXSourcesBuildPhase section */
		4594E9D4276A7D510054E6BE /* Sources */ = {
			isa = PBXSourcesBuildPhase;
			buildActionMask = 2147483647;
			files = (
				45F9FEB727773A5500AFE9F9 /* QuizView.swift in Sources */,
				4594E9E5276A7D530054E6BE /* Persistence.swift in Sources */,
				45A2687427DE964A0082257D /* Strings.swift in Sources */,
				45D2284D27F4793B008506F8 /* GlobalMethods.swift in Sources */,
				45A2687327DE964A0082257D /* Assets.swift in Sources */,
				45F0881027ADB5B200503343 /* OptionButton.swift in Sources */,
				455A16792818891600543364 /* AppTextFieldStyles.swift in Sources */,
				4594E9DE276A7D510054E6BE /* ContentView.swift in Sources */,
				455A1681283022F500543364 /* SignUpViewModel.swift in Sources */,
				453CAEEC27B32090002649AF /* QuestionSets.swift in Sources */,
				45F0880327A4100D00503343 /* Question.swift in Sources */,
				45D2284727EDEB63008506F8 /* QuestionViewData.swift in Sources */,
				45D2284927EDEB71008506F8 /* Answer.swift in Sources */,
				45F0881527ADC59100503343 /* AppButtonStyles.swift in Sources */,
				455A1683283023D300543364 /* CredentialsInputView.swift in Sources */,
				45F0880E27A9BE8600503343 /* QuestionView.swift in Sources */,
				4594EA0C276FCA120054E6BE /* DashboardView.swift in Sources */,
				45AD76772818829900CCBB39 /* ManualSignInViewModel.swift in Sources */,
				455A167F283022AE00543364 /* SignUpView.swift in Sources */,
				4594E9DC276A7D510054E6BE /* FantasyUniverseApp.swift in Sources */,
				45F0881327ADC05D00503343 /* QuestionLabelView.swift in Sources */,
				455A167D2821B5F100543364 /* ManualSignInCredentials.swift in Sources */,
				45F9FEB52776661300AFE9F9 /* LottieView.swift in Sources */,
				4594E9E8276A7D530054E6BE /* FantasyUniverse.xcdatamodeld in Sources */,
				451776DB27AFF468005490A1 /* ProgressHeaderView.swift in Sources */,
				4594EA0F276FCB630054E6BE /* ColorPalette.swift in Sources */,
				455A167B281DCC6B00543364 /* AuthenticationValidator.swift in Sources */,
				455A168828340D9B00543364 /* FirebaseAuthService.swift in Sources */,
				45D2284427EBC9E0008506F8 /* QuestionDataService.swift in Sources */,
				45F0880827A6F54E00503343 /* QuestionViewModel.swift in Sources */,
				45AD76752818826F00CCBB39 /* ManualSignInView.swift in Sources */,
				451776D927AFF01C005490A1 /* ScoreView.swift in Sources */,
				454D26D527BD6D110003D8F8 /* Constants.swift in Sources */,
			);
			runOnlyForDeploymentPostprocessing = 0;
		};
		4594E9E9276A7D530054E6BE /* Sources */ = {
			isa = PBXSourcesBuildPhase;
			buildActionMask = 2147483647;
			files = (
				4594E9F2276A7D530054E6BE /* FantasyUniverseTests.swift in Sources */,
				45D2284B27F09330008506F8 /* QuestionDataServiceTests.swift in Sources */,
			);
			runOnlyForDeploymentPostprocessing = 0;
		};
		4594E9F3276A7D530054E6BE /* Sources */ = {
			isa = PBXSourcesBuildPhase;
			buildActionMask = 2147483647;
			files = (
				4594E9FE276A7D530054E6BE /* FantasyUniverseUITestsLaunchTests.swift in Sources */,
				4594E9FC276A7D530054E6BE /* FantasyUniverseUITests.swift in Sources */,
			);
			runOnlyForDeploymentPostprocessing = 0;
		};
/* End PBXSourcesBuildPhase section */

/* Begin PBXTargetDependency section */
		4594E9EF276A7D530054E6BE /* PBXTargetDependency */ = {
			isa = PBXTargetDependency;
			target = 4594E9D7276A7D510054E6BE /* FantasyUniverse */;
			targetProxy = 4594E9EE276A7D530054E6BE /* PBXContainerItemProxy */;
		};
		4594E9F9276A7D530054E6BE /* PBXTargetDependency */ = {
			isa = PBXTargetDependency;
			target = 4594E9D7276A7D510054E6BE /* FantasyUniverse */;
			targetProxy = 4594E9F8276A7D530054E6BE /* PBXContainerItemProxy */;
		};
/* End PBXTargetDependency section */

/* Begin PBXVariantGroup section */
		452C54C427DD162F00A7FBEF /* Localisation.strings */ = {
			isa = PBXVariantGroup;
			children = (
				452C54C527DD162F00A7FBEF /* Base */,
			);
			name = Localisation.strings;
			sourceTree = "<group>";
		};
/* End PBXVariantGroup section */

/* Begin XCBuildConfiguration section */
		4594E9FF276A7D530054E6BE /* Debug */ = {
			isa = XCBuildConfiguration;
			buildSettings = {
				ALWAYS_SEARCH_USER_PATHS = NO;
				CLANG_ANALYZER_NONNULL = YES;
				CLANG_ANALYZER_NUMBER_OBJECT_CONVERSION = YES_AGGRESSIVE;
				CLANG_CXX_LANGUAGE_STANDARD = "gnu++17";
				CLANG_CXX_LIBRARY = "libc++";
				CLANG_ENABLE_MODULES = YES;
				CLANG_ENABLE_OBJC_ARC = YES;
				CLANG_ENABLE_OBJC_WEAK = YES;
				CLANG_WARN_BLOCK_CAPTURE_AUTORELEASING = YES;
				CLANG_WARN_BOOL_CONVERSION = YES;
				CLANG_WARN_COMMA = YES;
				CLANG_WARN_CONSTANT_CONVERSION = YES;
				CLANG_WARN_DEPRECATED_OBJC_IMPLEMENTATIONS = YES;
				CLANG_WARN_DIRECT_OBJC_ISA_USAGE = YES_ERROR;
				CLANG_WARN_DOCUMENTATION_COMMENTS = YES;
				CLANG_WARN_EMPTY_BODY = YES;
				CLANG_WARN_ENUM_CONVERSION = YES;
				CLANG_WARN_INFINITE_RECURSION = YES;
				CLANG_WARN_INT_CONVERSION = YES;
				CLANG_WARN_NON_LITERAL_NULL_CONVERSION = YES;
				CLANG_WARN_OBJC_IMPLICIT_RETAIN_SELF = YES;
				CLANG_WARN_OBJC_LITERAL_CONVERSION = YES;
				CLANG_WARN_OBJC_ROOT_CLASS = YES_ERROR;
				CLANG_WARN_QUOTED_INCLUDE_IN_FRAMEWORK_HEADER = YES;
				CLANG_WARN_RANGE_LOOP_ANALYSIS = YES;
				CLANG_WARN_STRICT_PROTOTYPES = YES;
				CLANG_WARN_SUSPICIOUS_MOVE = YES;
				CLANG_WARN_UNGUARDED_AVAILABILITY = YES_AGGRESSIVE;
				CLANG_WARN_UNREACHABLE_CODE = YES;
				CLANG_WARN__DUPLICATE_METHOD_MATCH = YES;
				COPY_PHASE_STRIP = NO;
				DEBUG_INFORMATION_FORMAT = dwarf;
				ENABLE_STRICT_OBJC_MSGSEND = YES;
				ENABLE_TESTABILITY = YES;
				GCC_C_LANGUAGE_STANDARD = gnu11;
				GCC_DYNAMIC_NO_PIC = NO;
				GCC_NO_COMMON_BLOCKS = YES;
				GCC_OPTIMIZATION_LEVEL = 0;
				GCC_PREPROCESSOR_DEFINITIONS = (
					"DEBUG=1",
					"$(inherited)",
				);
				GCC_WARN_64_TO_32_BIT_CONVERSION = YES;
				GCC_WARN_ABOUT_RETURN_TYPE = YES_ERROR;
				GCC_WARN_UNDECLARED_SELECTOR = YES;
				GCC_WARN_UNINITIALIZED_AUTOS = YES_AGGRESSIVE;
				GCC_WARN_UNUSED_FUNCTION = YES;
				GCC_WARN_UNUSED_VARIABLE = YES;
				IPHONEOS_DEPLOYMENT_TARGET = 15.0;
				MTL_ENABLE_DEBUG_INFO = INCLUDE_SOURCE;
				MTL_FAST_MATH = YES;
				ONLY_ACTIVE_ARCH = YES;
				SDKROOT = iphoneos;
				SWIFT_ACTIVE_COMPILATION_CONDITIONS = DEBUG;
				SWIFT_OPTIMIZATION_LEVEL = "-Onone";
			};
			name = Debug;
		};
		4594EA00276A7D530054E6BE /* Release */ = {
			isa = XCBuildConfiguration;
			buildSettings = {
				ALWAYS_SEARCH_USER_PATHS = NO;
				CLANG_ANALYZER_NONNULL = YES;
				CLANG_ANALYZER_NUMBER_OBJECT_CONVERSION = YES_AGGRESSIVE;
				CLANG_CXX_LANGUAGE_STANDARD = "gnu++17";
				CLANG_CXX_LIBRARY = "libc++";
				CLANG_ENABLE_MODULES = YES;
				CLANG_ENABLE_OBJC_ARC = YES;
				CLANG_ENABLE_OBJC_WEAK = YES;
				CLANG_WARN_BLOCK_CAPTURE_AUTORELEASING = YES;
				CLANG_WARN_BOOL_CONVERSION = YES;
				CLANG_WARN_COMMA = YES;
				CLANG_WARN_CONSTANT_CONVERSION = YES;
				CLANG_WARN_DEPRECATED_OBJC_IMPLEMENTATIONS = YES;
				CLANG_WARN_DIRECT_OBJC_ISA_USAGE = YES_ERROR;
				CLANG_WARN_DOCUMENTATION_COMMENTS = YES;
				CLANG_WARN_EMPTY_BODY = YES;
				CLANG_WARN_ENUM_CONVERSION = YES;
				CLANG_WARN_INFINITE_RECURSION = YES;
				CLANG_WARN_INT_CONVERSION = YES;
				CLANG_WARN_NON_LITERAL_NULL_CONVERSION = YES;
				CLANG_WARN_OBJC_IMPLICIT_RETAIN_SELF = YES;
				CLANG_WARN_OBJC_LITERAL_CONVERSION = YES;
				CLANG_WARN_OBJC_ROOT_CLASS = YES_ERROR;
				CLANG_WARN_QUOTED_INCLUDE_IN_FRAMEWORK_HEADER = YES;
				CLANG_WARN_RANGE_LOOP_ANALYSIS = YES;
				CLANG_WARN_STRICT_PROTOTYPES = YES;
				CLANG_WARN_SUSPICIOUS_MOVE = YES;
				CLANG_WARN_UNGUARDED_AVAILABILITY = YES_AGGRESSIVE;
				CLANG_WARN_UNREACHABLE_CODE = YES;
				CLANG_WARN__DUPLICATE_METHOD_MATCH = YES;
				COPY_PHASE_STRIP = NO;
				DEBUG_INFORMATION_FORMAT = "dwarf-with-dsym";
				ENABLE_NS_ASSERTIONS = NO;
				ENABLE_STRICT_OBJC_MSGSEND = YES;
				GCC_C_LANGUAGE_STANDARD = gnu11;
				GCC_NO_COMMON_BLOCKS = YES;
				GCC_WARN_64_TO_32_BIT_CONVERSION = YES;
				GCC_WARN_ABOUT_RETURN_TYPE = YES_ERROR;
				GCC_WARN_UNDECLARED_SELECTOR = YES;
				GCC_WARN_UNINITIALIZED_AUTOS = YES_AGGRESSIVE;
				GCC_WARN_UNUSED_FUNCTION = YES;
				GCC_WARN_UNUSED_VARIABLE = YES;
				IPHONEOS_DEPLOYMENT_TARGET = 15.0;
				MTL_ENABLE_DEBUG_INFO = NO;
				MTL_FAST_MATH = YES;
				SDKROOT = iphoneos;
				SWIFT_COMPILATION_MODE = wholemodule;
				SWIFT_OPTIMIZATION_LEVEL = "-O";
				VALIDATE_PRODUCT = YES;
			};
			name = Release;
		};
		4594EA02276A7D530054E6BE /* Debug */ = {
			isa = XCBuildConfiguration;
			buildSettings = {
				ASSETCATALOG_COMPILER_GLOBAL_ACCENT_COLOR_NAME = AccentColor;
				CODE_SIGN_STYLE = Automatic;
				CURRENT_PROJECT_VERSION = 1;
				DEVELOPMENT_ASSET_PATHS = "\"FantasyUniverse/Preview Content\"";
				DEVELOPMENT_TEAM = 7YV6V8HGN2;
				ENABLE_PREVIEWS = YES;
				GENERATE_INFOPLIST_FILE = YES;
				INFOPLIST_KEY_UIApplicationSceneManifest_Generation = YES;
				INFOPLIST_KEY_UIApplicationSupportsIndirectInputEvents = YES;
				INFOPLIST_KEY_UILaunchScreen_Generation = YES;
				INFOPLIST_KEY_UISupportedInterfaceOrientations_iPad = "UIInterfaceOrientationPortrait UIInterfaceOrientationPortraitUpsideDown UIInterfaceOrientationLandscapeLeft UIInterfaceOrientationLandscapeRight";
				INFOPLIST_KEY_UISupportedInterfaceOrientations_iPhone = "UIInterfaceOrientationPortrait UIInterfaceOrientationLandscapeLeft UIInterfaceOrientationLandscapeRight";
				LD_RUNPATH_SEARCH_PATHS = (
					"$(inherited)",
					"@executable_path/Frameworks",
				);
				MARKETING_VERSION = 1.0;
				PRODUCT_BUNDLE_IDENTIFIER = com.tarasmotruk.FantasyUniverse;
				PRODUCT_NAME = "$(TARGET_NAME)";
				SWIFT_EMIT_LOC_STRINGS = YES;
				SWIFT_VERSION = 5.0;
				TARGETED_DEVICE_FAMILY = "1,2";
			};
			name = Debug;
		};
		4594EA03276A7D530054E6BE /* Release */ = {
			isa = XCBuildConfiguration;
			buildSettings = {
				ASSETCATALOG_COMPILER_GLOBAL_ACCENT_COLOR_NAME = AccentColor;
				CODE_SIGN_STYLE = Automatic;
				CURRENT_PROJECT_VERSION = 1;
				DEVELOPMENT_ASSET_PATHS = "\"FantasyUniverse/Preview Content\"";
				DEVELOPMENT_TEAM = 7YV6V8HGN2;
				ENABLE_PREVIEWS = YES;
				GENERATE_INFOPLIST_FILE = YES;
				INFOPLIST_KEY_UIApplicationSceneManifest_Generation = YES;
				INFOPLIST_KEY_UIApplicationSupportsIndirectInputEvents = YES;
				INFOPLIST_KEY_UILaunchScreen_Generation = YES;
				INFOPLIST_KEY_UISupportedInterfaceOrientations_iPad = "UIInterfaceOrientationPortrait UIInterfaceOrientationPortraitUpsideDown UIInterfaceOrientationLandscapeLeft UIInterfaceOrientationLandscapeRight";
				INFOPLIST_KEY_UISupportedInterfaceOrientations_iPhone = "UIInterfaceOrientationPortrait UIInterfaceOrientationLandscapeLeft UIInterfaceOrientationLandscapeRight";
				LD_RUNPATH_SEARCH_PATHS = (
					"$(inherited)",
					"@executable_path/Frameworks",
				);
				MARKETING_VERSION = 1.0;
				PRODUCT_BUNDLE_IDENTIFIER = com.tarasmotruk.FantasyUniverse;
				PRODUCT_NAME = "$(TARGET_NAME)";
				SWIFT_EMIT_LOC_STRINGS = YES;
				SWIFT_VERSION = 5.0;
				TARGETED_DEVICE_FAMILY = "1,2";
			};
			name = Release;
		};
		4594EA05276A7D530054E6BE /* Debug */ = {
			isa = XCBuildConfiguration;
			buildSettings = {
				ALWAYS_EMBED_SWIFT_STANDARD_LIBRARIES = YES;
				BUNDLE_LOADER = "$(TEST_HOST)";
				CODE_SIGN_STYLE = Automatic;
				CURRENT_PROJECT_VERSION = 1;
				DEVELOPMENT_TEAM = 7YV6V8HGN2;
				GENERATE_INFOPLIST_FILE = YES;
				IPHONEOS_DEPLOYMENT_TARGET = 15.0;
				LD_RUNPATH_SEARCH_PATHS = (
					"$(inherited)",
					"@executable_path/Frameworks",
					"@loader_path/Frameworks",
				);
				MARKETING_VERSION = 1.0;
				PRODUCT_BUNDLE_IDENTIFIER = com.tarasmotruk.FantasyUniverseTests;
				PRODUCT_NAME = "$(TARGET_NAME)";
				SWIFT_EMIT_LOC_STRINGS = NO;
				SWIFT_VERSION = 5.0;
				TARGETED_DEVICE_FAMILY = "1,2";
				TEST_HOST = "$(BUILT_PRODUCTS_DIR)/FantasyUniverse.app/FantasyUniverse";
			};
			name = Debug;
		};
		4594EA06276A7D530054E6BE /* Release */ = {
			isa = XCBuildConfiguration;
			buildSettings = {
				ALWAYS_EMBED_SWIFT_STANDARD_LIBRARIES = YES;
				BUNDLE_LOADER = "$(TEST_HOST)";
				CODE_SIGN_STYLE = Automatic;
				CURRENT_PROJECT_VERSION = 1;
				DEVELOPMENT_TEAM = 7YV6V8HGN2;
				GENERATE_INFOPLIST_FILE = YES;
				IPHONEOS_DEPLOYMENT_TARGET = 15.0;
				LD_RUNPATH_SEARCH_PATHS = (
					"$(inherited)",
					"@executable_path/Frameworks",
					"@loader_path/Frameworks",
				);
				MARKETING_VERSION = 1.0;
				PRODUCT_BUNDLE_IDENTIFIER = com.tarasmotruk.FantasyUniverseTests;
				PRODUCT_NAME = "$(TARGET_NAME)";
				SWIFT_EMIT_LOC_STRINGS = NO;
				SWIFT_VERSION = 5.0;
				TARGETED_DEVICE_FAMILY = "1,2";
				TEST_HOST = "$(BUILT_PRODUCTS_DIR)/FantasyUniverse.app/FantasyUniverse";
			};
			name = Release;
		};
		4594EA08276A7D530054E6BE /* Debug */ = {
			isa = XCBuildConfiguration;
			buildSettings = {
				ALWAYS_EMBED_SWIFT_STANDARD_LIBRARIES = YES;
				CODE_SIGN_STYLE = Automatic;
				CURRENT_PROJECT_VERSION = 1;
				DEVELOPMENT_TEAM = 7YV6V8HGN2;
				GENERATE_INFOPLIST_FILE = YES;
				LD_RUNPATH_SEARCH_PATHS = (
					"$(inherited)",
					"@executable_path/Frameworks",
					"@loader_path/Frameworks",
				);
				MARKETING_VERSION = 1.0;
				PRODUCT_BUNDLE_IDENTIFIER = com.tarasmotruk.FantasyUniverseUITests;
				PRODUCT_NAME = "$(TARGET_NAME)";
				SWIFT_EMIT_LOC_STRINGS = NO;
				SWIFT_VERSION = 5.0;
				TARGETED_DEVICE_FAMILY = "1,2";
				TEST_TARGET_NAME = FantasyUniverse;
			};
			name = Debug;
		};
		4594EA09276A7D530054E6BE /* Release */ = {
			isa = XCBuildConfiguration;
			buildSettings = {
				ALWAYS_EMBED_SWIFT_STANDARD_LIBRARIES = YES;
				CODE_SIGN_STYLE = Automatic;
				CURRENT_PROJECT_VERSION = 1;
				DEVELOPMENT_TEAM = 7YV6V8HGN2;
				GENERATE_INFOPLIST_FILE = YES;
				LD_RUNPATH_SEARCH_PATHS = (
					"$(inherited)",
					"@executable_path/Frameworks",
					"@loader_path/Frameworks",
				);
				MARKETING_VERSION = 1.0;
				PRODUCT_BUNDLE_IDENTIFIER = com.tarasmotruk.FantasyUniverseUITests;
				PRODUCT_NAME = "$(TARGET_NAME)";
				SWIFT_EMIT_LOC_STRINGS = NO;
				SWIFT_VERSION = 5.0;
				TARGETED_DEVICE_FAMILY = "1,2";
				TEST_TARGET_NAME = FantasyUniverse;
			};
			name = Release;
		};
/* End XCBuildConfiguration section */

/* Begin XCConfigurationList section */
		4594E9D3276A7D510054E6BE /* Build configuration list for PBXProject "FantasyUniverse" */ = {
			isa = XCConfigurationList;
			buildConfigurations = (
				4594E9FF276A7D530054E6BE /* Debug */,
				4594EA00276A7D530054E6BE /* Release */,
			);
			defaultConfigurationIsVisible = 0;
			defaultConfigurationName = Release;
		};
		4594EA01276A7D530054E6BE /* Build configuration list for PBXNativeTarget "FantasyUniverse" */ = {
			isa = XCConfigurationList;
			buildConfigurations = (
				4594EA02276A7D530054E6BE /* Debug */,
				4594EA03276A7D530054E6BE /* Release */,
			);
			defaultConfigurationIsVisible = 0;
			defaultConfigurationName = Release;
		};
		4594EA04276A7D530054E6BE /* Build configuration list for PBXNativeTarget "FantasyUniverseTests" */ = {
			isa = XCConfigurationList;
			buildConfigurations = (
				4594EA05276A7D530054E6BE /* Debug */,
				4594EA06276A7D530054E6BE /* Release */,
			);
			defaultConfigurationIsVisible = 0;
			defaultConfigurationName = Release;
		};
		4594EA07276A7D530054E6BE /* Build configuration list for PBXNativeTarget "FantasyUniverseUITests" */ = {
			isa = XCConfigurationList;
			buildConfigurations = (
				4594EA08276A7D530054E6BE /* Debug */,
				4594EA09276A7D530054E6BE /* Release */,
			);
			defaultConfigurationIsVisible = 0;
			defaultConfigurationName = Release;
		};
/* End XCConfigurationList section */

/* Begin XCRemoteSwiftPackageReference section */
		452C54DD27DD186C00A7FBEF /* XCRemoteSwiftPackageReference "lottie-ios" */ = {
			isa = XCRemoteSwiftPackageReference;
			repositoryURL = "https://github.com/airbnb/lottie-ios.git";
			requirement = {
				kind = upToNextMajorVersion;
				minimumVersion = 3.0.0;
			};
		};
		452C54E027DD18C100A7FBEF /* XCRemoteSwiftPackageReference "firebase-ios-sdk" */ = {
			isa = XCRemoteSwiftPackageReference;
			repositoryURL = "https://github.com/firebase/firebase-ios-sdk.git";
			requirement = {
				kind = upToNextMajorVersion;
				minimumVersion = 8.0.0;
			};
		};
/* End XCRemoteSwiftPackageReference section */

/* Begin XCSwiftPackageProductDependency section */
		452C54DE27DD186C00A7FBEF /* Lottie */ = {
			isa = XCSwiftPackageProductDependency;
			package = 452C54DD27DD186C00A7FBEF /* XCRemoteSwiftPackageReference "lottie-ios" */;
			productName = Lottie;
		};
		452C54E127DD18C100A7FBEF /* FirebaseAnalytics */ = {
			isa = XCSwiftPackageProductDependency;
			package = 452C54E027DD18C100A7FBEF /* XCRemoteSwiftPackageReference "firebase-ios-sdk" */;
			productName = FirebaseAnalytics;
		};
		452C54E327DD18C100A7FBEF /* FirebaseAnalyticsSwift-Beta */ = {
			isa = XCSwiftPackageProductDependency;
			package = 452C54E027DD18C100A7FBEF /* XCRemoteSwiftPackageReference "firebase-ios-sdk" */;
			productName = "FirebaseAnalyticsSwift-Beta";
		};
		452C54E527DD18C100A7FBEF /* FirebaseAnalyticsWithoutAdIdSupport */ = {
			isa = XCSwiftPackageProductDependency;
			package = 452C54E027DD18C100A7FBEF /* XCRemoteSwiftPackageReference "firebase-ios-sdk" */;
			productName = FirebaseAnalyticsWithoutAdIdSupport;
		};
		452C54E727DD18C100A7FBEF /* FirebaseAppCheck */ = {
			isa = XCSwiftPackageProductDependency;
			package = 452C54E027DD18C100A7FBEF /* XCRemoteSwiftPackageReference "firebase-ios-sdk" */;
			productName = FirebaseAppCheck;
		};
		452C54E927DD18C100A7FBEF /* FirebaseAppDistribution-Beta */ = {
			isa = XCSwiftPackageProductDependency;
			package = 452C54E027DD18C100A7FBEF /* XCRemoteSwiftPackageReference "firebase-ios-sdk" */;
			productName = "FirebaseAppDistribution-Beta";
		};
		452C54EB27DD18C100A7FBEF /* FirebaseAuth */ = {
			isa = XCSwiftPackageProductDependency;
			package = 452C54E027DD18C100A7FBEF /* XCRemoteSwiftPackageReference "firebase-ios-sdk" */;
			productName = FirebaseAuth;
		};
		452C54ED27DD18C100A7FBEF /* FirebaseAuthCombine-Community */ = {
			isa = XCSwiftPackageProductDependency;
			package = 452C54E027DD18C100A7FBEF /* XCRemoteSwiftPackageReference "firebase-ios-sdk" */;
			productName = "FirebaseAuthCombine-Community";
		};
		452C54EF27DD18C100A7FBEF /* FirebaseCrashlytics */ = {
			isa = XCSwiftPackageProductDependency;
			package = 452C54E027DD18C100A7FBEF /* XCRemoteSwiftPackageReference "firebase-ios-sdk" */;
			productName = FirebaseCrashlytics;
		};
		452C54F127DD18C100A7FBEF /* FirebaseDatabase */ = {
			isa = XCSwiftPackageProductDependency;
			package = 452C54E027DD18C100A7FBEF /* XCRemoteSwiftPackageReference "firebase-ios-sdk" */;
			productName = FirebaseDatabase;
		};
		452C54F327DD18C100A7FBEF /* FirebaseDatabaseSwift-Beta */ = {
			isa = XCSwiftPackageProductDependency;
			package = 452C54E027DD18C100A7FBEF /* XCRemoteSwiftPackageReference "firebase-ios-sdk" */;
			productName = "FirebaseDatabaseSwift-Beta";
		};
		452C54F527DD18C100A7FBEF /* FirebaseDynamicLinks */ = {
			isa = XCSwiftPackageProductDependency;
			package = 452C54E027DD18C100A7FBEF /* XCRemoteSwiftPackageReference "firebase-ios-sdk" */;
			productName = FirebaseDynamicLinks;
		};
		452C54F727DD18C100A7FBEF /* FirebaseFirestore */ = {
			isa = XCSwiftPackageProductDependency;
			package = 452C54E027DD18C100A7FBEF /* XCRemoteSwiftPackageReference "firebase-ios-sdk" */;
			productName = FirebaseFirestore;
		};
		452C54F927DD18C100A7FBEF /* FirebaseFirestoreCombine-Community */ = {
			isa = XCSwiftPackageProductDependency;
			package = 452C54E027DD18C100A7FBEF /* XCRemoteSwiftPackageReference "firebase-ios-sdk" */;
			productName = "FirebaseFirestoreCombine-Community";
		};
		452C54FB27DD18C100A7FBEF /* FirebaseFirestoreSwift-Beta */ = {
			isa = XCSwiftPackageProductDependency;
			package = 452C54E027DD18C100A7FBEF /* XCRemoteSwiftPackageReference "firebase-ios-sdk" */;
			productName = "FirebaseFirestoreSwift-Beta";
		};
		452C54FD27DD18C100A7FBEF /* FirebaseFunctions */ = {
			isa = XCSwiftPackageProductDependency;
			package = 452C54E027DD18C100A7FBEF /* XCRemoteSwiftPackageReference "firebase-ios-sdk" */;
			productName = FirebaseFunctions;
		};
		452C54FF27DD18C100A7FBEF /* FirebaseFunctionsCombine-Community */ = {
			isa = XCSwiftPackageProductDependency;
			package = 452C54E027DD18C100A7FBEF /* XCRemoteSwiftPackageReference "firebase-ios-sdk" */;
			productName = "FirebaseFunctionsCombine-Community";
		};
		452C550127DD18C100A7FBEF /* FirebaseFunctionsSwift-Beta */ = {
			isa = XCSwiftPackageProductDependency;
			package = 452C54E027DD18C100A7FBEF /* XCRemoteSwiftPackageReference "firebase-ios-sdk" */;
			productName = "FirebaseFunctionsSwift-Beta";
		};
		452C550327DD18C100A7FBEF /* FirebaseInAppMessaging-Beta */ = {
			isa = XCSwiftPackageProductDependency;
			package = 452C54E027DD18C100A7FBEF /* XCRemoteSwiftPackageReference "firebase-ios-sdk" */;
			productName = "FirebaseInAppMessaging-Beta";
		};
		452C550527DD18C100A7FBEF /* FirebaseInAppMessagingSwift-Beta */ = {
			isa = XCSwiftPackageProductDependency;
			package = 452C54E027DD18C100A7FBEF /* XCRemoteSwiftPackageReference "firebase-ios-sdk" */;
			productName = "FirebaseInAppMessagingSwift-Beta";
		};
		452C550727DD18C100A7FBEF /* FirebaseInstallations */ = {
			isa = XCSwiftPackageProductDependency;
			package = 452C54E027DD18C100A7FBEF /* XCRemoteSwiftPackageReference "firebase-ios-sdk" */;
			productName = FirebaseInstallations;
		};
		452C550927DD18C100A7FBEF /* FirebaseMLModelDownloader */ = {
			isa = XCSwiftPackageProductDependency;
			package = 452C54E027DD18C100A7FBEF /* XCRemoteSwiftPackageReference "firebase-ios-sdk" */;
			productName = FirebaseMLModelDownloader;
		};
		452C550B27DD18C100A7FBEF /* FirebaseMessaging */ = {
			isa = XCSwiftPackageProductDependency;
			package = 452C54E027DD18C100A7FBEF /* XCRemoteSwiftPackageReference "firebase-ios-sdk" */;
			productName = FirebaseMessaging;
		};
		452C550D27DD18C100A7FBEF /* FirebasePerformance */ = {
			isa = XCSwiftPackageProductDependency;
			package = 452C54E027DD18C100A7FBEF /* XCRemoteSwiftPackageReference "firebase-ios-sdk" */;
			productName = FirebasePerformance;
		};
		452C550F27DD18C100A7FBEF /* FirebaseRemoteConfig */ = {
			isa = XCSwiftPackageProductDependency;
			package = 452C54E027DD18C100A7FBEF /* XCRemoteSwiftPackageReference "firebase-ios-sdk" */;
			productName = FirebaseRemoteConfig;
		};
		452C551327DD18C100A7FBEF /* FirebaseStorage */ = {
			isa = XCSwiftPackageProductDependency;
			package = 452C54E027DD18C100A7FBEF /* XCRemoteSwiftPackageReference "firebase-ios-sdk" */;
			productName = FirebaseStorage;
		};
		452C551527DD18C100A7FBEF /* FirebaseStorageCombine-Community */ = {
			isa = XCSwiftPackageProductDependency;
			package = 452C54E027DD18C100A7FBEF /* XCRemoteSwiftPackageReference "firebase-ios-sdk" */;
			productName = "FirebaseStorageCombine-Community";
		};
		452C551727DD18C100A7FBEF /* FirebaseStorageSwift-Beta */ = {
			isa = XCSwiftPackageProductDependency;
			package = 452C54E027DD18C100A7FBEF /* XCRemoteSwiftPackageReference "firebase-ios-sdk" */;
			productName = "FirebaseStorageSwift-Beta";
		};
/* End XCSwiftPackageProductDependency section */

/* Begin XCVersionGroup section */
		4594E9E6276A7D530054E6BE /* FantasyUniverse.xcdatamodeld */ = {
			isa = XCVersionGroup;
			children = (
				4594E9E7276A7D530054E6BE /* FantasyUniverse.xcdatamodel */,
			);
			currentVersion = 4594E9E7276A7D530054E6BE /* FantasyUniverse.xcdatamodel */;
			path = FantasyUniverse.xcdatamodeld;
			sourceTree = "<group>";
			versionGroupType = wrapper.xcdatamodel;
		};
/* End XCVersionGroup section */
	};
	rootObject = 4594E9D0276A7D510054E6BE /* Project object */;
}
